{
  "version": "2",
  "remote": {
    "https://deno.land/std@0.198.0/assert/assert.ts": "9a97dad6d98c238938e7540736b826440ad8c1c1e54430ca4c4e623e585607ee",
    "https://deno.land/std@0.198.0/assert/assertion_error.ts": "4d0bde9b374dfbcbe8ac23f54f567b77024fb67dbb1906a852d67fe050d42f56",
    "https://deno.land/std@0.198.0/async/abortable.ts": "fd682fa46f3b7b16b4606a5ab52a7ce309434b76f820d3221bdfb862719a15d7",
    "https://deno.land/std@0.198.0/async/deadline.ts": "58f72a3cc0fcb731b2cc055ba046f4b5be3349ff6bf98f2e793c3b969354aab2",
    "https://deno.land/std@0.198.0/async/debounce.ts": "adab11d04ca38d699444ac8a9d9856b4155e8dda2afd07ce78276c01ea5a4332",
    "https://deno.land/std@0.198.0/async/deferred.ts": "42790112f36a75a57db4a96d33974a936deb7b04d25c6084a9fa8a49f135def8",
    "https://deno.land/std@0.198.0/async/delay.ts": "a6142eb44cdd856b645086af2b811b1fcce08ec06bb7d50969e6a872ee9b8659",
    "https://deno.land/std@0.198.0/async/mod.ts": "f04344fa21738e5ad6bea37a6bfffd57c617c2d372bb9f9dcfd118a1b622e576",
    "https://deno.land/std@0.198.0/async/mux_async_iterator.ts": "70c7f2ee4e9466161350473ad61cac0b9f115cff4c552eaa7ef9d50c4cbb4cc9",
    "https://deno.land/std@0.198.0/async/pool.ts": "f1b8d3df4d7fd3c73f8cbc91cc2e8b8e950910f1eab94230b443944d7584c657",
    "https://deno.land/std@0.198.0/async/retry.ts": "296fb9c323e1325a69bee14ba947e7da7409a8dd9dd646d70cb51ea0d301f24e",
    "https://deno.land/std@0.198.0/async/tee.ts": "47e42d35f622650b02234d43803d0383a89eb4387e1b83b5a40106d18ae36757",
    "https://deno.land/std@0.198.0/http/server.ts": "3cd5a8acc31d3259813ddcfa7dd2fe066952db6763fc7a58b9a026d4b5af9559",
    "https://esm.sh/@vue/server-renderer@3.3.4": "c5967e11164c2bf6b3dd897535c14c5f0052bc86d2450222bcaaa6cb1f627220",
    "https://esm.sh/stable/@vue/reactivity@3.3.4/deno/reactivity.mjs": "c314a2e58857ad2d3c779d7c6ef477cf9ec9ebdba503062756e970fc3f03b1ea",
    "https://esm.sh/stable/@vue/runtime-core@3.3.4/deno/runtime-core.mjs": "50e36063f3734530c3d1fd8685ea632c309832ce133765ab29f623210fd961e3",
    "https://esm.sh/stable/@vue/runtime-dom@3.3.4/deno/runtime-dom.mjs": "be478bd51f8a350f26735bbf145b5b614d1bb5a6e1c1cbf3efe56d05bea458ac",
    "https://esm.sh/stable/@vue/shared@3.3.4/deno/shared.mjs": "f9c0562bbcd676f92873a883ec20b711cf1c6c011a3ea77f4471b99f211e5fe2",
    "https://esm.sh/stable/vue@3.3.4/deno/vue.mjs": "b87e8756a6bc825bcb35a5fb2e4ec11441fde5b61bca0c70ff94933af7826980",
    "https://esm.sh/v128/@babel/parser@7.22.7/typings/babel-parser.d.ts": "9f1175cd52dabc9f7414c49185e87bbf2007a2f25cc80c8ba90d2d8a2c15adf6",
    "https://esm.sh/v128/@babel/types@7.22.5/lib/index-legacy.d.ts": "adf30452e3cecedb0de6500915f0f02edfbab1e57546dc36586b02d52b65525d",
    "https://esm.sh/v128/@vue/compiler-core@3.3.4/dist/compiler-core.d.ts": "43ad2aeed2894689c37957efabf75c3e9992fc1186c390196edd0effc4ebbc31",
    "https://esm.sh/v128/@vue/compiler-dom@3.3.4/dist/compiler-dom.d.ts": "9e569e55969f78a855ee322f92b34eb97b926f2c04aa21e0f0b447aeca624b17",
    "https://esm.sh/v128/@vue/reactivity@3.3.4/dist/reactivity.d.ts": "863217e7c5780be32ae0b2645fad75a08aef2126fff61f5b2585f9726abbf4da",
    "https://esm.sh/v128/@vue/reactivity@3.4.38/dist/reactivity.d.ts": "99e48c13aadcdf8f659bc48f5ecfe6907b0789a6d28ce9e594f7847a3985ecb7",
    "https://esm.sh/v128/@vue/runtime-core@3.3.4/dist/runtime-core.d.ts": "2d35e358ce4a098ed36a2a320a8dcd1793e1c5f092e7021972ac61a7216cbd90",
    "https://esm.sh/v128/@vue/runtime-core@3.4.38/dist/runtime-core.d.ts": "71225f9ef563be2ef64c5f2fede7824a8d06fc8fa6d4ecbdd7efc4a6207e8e65",
    "https://esm.sh/v128/@vue/runtime-dom@3.3.4/dist/runtime-dom.d.ts": "658f24d1b4a3de443f71d34973009745334d090892fb2356ac2204c3b5808976",
    "https://esm.sh/v128/@vue/shared@3.3.4/dist/shared.d.ts": "b6f3519e165e9bfc36c6050f3dad09b4ff85d11802cc864615bee33b31522529",
    "https://esm.sh/v128/@vue/shared@3.4.38/dist/shared.d.ts": "6dcb89623cc070c3b2a29218f99a3501041b3ac3fc4c80ee7083b99ba320a694",
    "https://esm.sh/v128/csstype@3.1.2/index.d.ts": "4c68749a564a6facdf675416d75789ee5a557afda8960e0803cf6711fa569288",
    "https://esm.sh/v128/source-map-js@1.0.2/source-map.d.ts": "d0c6d7c697ebb58c6865520fdd55f7f3f59f325386e99d51ceacba81a6c22ecd",
    "https://esm.sh/v128/vue@3.3.4/dist/vue.d.mts": "263e43e9470635ede64280df4886587d3fdd6ae7b03e77b06fe33eb55a1c37eb",
    "https://esm.sh/v128/vue@3.3.4/jsx.d.ts": "db0ca96f9a0e22a0c223bd2ec30dd5fe953fbb93a08cdcb9dc05cd13d5a0baee",
    "https://esm.sh/v135/@babel/parser@7.25.6/typings/babel-parser.d.ts": "61ed8625f8139c3a03409bbe17e816e5cb47726d0ae19c6c51d95508cb46fe0b",
    "https://esm.sh/v135/@babel/types@7.25.6/lib/index-legacy.d.ts": "f3d0701cc4d598e12ca079b3f499a853bda05ea8c7a8c8c90c9ea0df1b905f38",
    "https://esm.sh/v135/@types/node@20.11.20/async_hooks.d.ts": "86485aa86c4c7591eee01cedfc41f812ee72b1ae7d1c30eb1357dc66afcfa027",
    "https://esm.sh/v135/@types/node@20.11.20/buffer.d.ts": "793c2e6a8e150f88d2548d243267c6f5b976f99919e043451687ed69f627cdb4",
    "https://esm.sh/v135/@types/node@20.11.20/crypto.d.ts": "6a96844b322eecc16b6acd63afcd31d1f488eb73197eaa8b709f533d9328c186",
    "https://esm.sh/v135/@types/node@20.11.20/dns.d.ts": "28884672530785174e5c25cd5014b693fe75a672dcf55469e01111c675a645ef",
    "https://esm.sh/v135/@types/node@20.11.20/dns/promises.d.ts": "7f1ea595ec1d2d2c1bc52ba7e5afac4e312f057a0a3bd5d7937f7856a029170b",
    "https://esm.sh/v135/@types/node@20.11.20/events.d.ts": "651bf28bc1eb523ccc123b6da0c9e3ed40fd3d64143205e9fc57f49eb6dc5d0c",
    "https://esm.sh/v135/@types/node@20.11.20/net.d.ts": "9750414af71021863dd2572b95cc7bff7eaf3d239e5b0cb432fc278ab2d18041",
    "https://esm.sh/v135/@types/node@20.11.20/stream.d.ts": "0436ee09b227220cd343a296b8cbc68a09afe9bcb6e7635bc42cc361b24e32c3",
    "https://esm.sh/v135/@types/node@20.11.20/stream/consumers.d.ts": "5012e2982817a5c5eabbb35fd64b688825e7d16c3dc9c44e5dbe858689a2a566",
    "https://esm.sh/v135/@types/node@20.11.20/stream/promises.d.ts": "55973472943d3795e341a1f89671d44e770496f917fdfb25ddf0c10459cdff07",
    "https://esm.sh/v135/@types/node@20.11.20/stream/web.d.ts": "00f2d52650fe65b725eca95e461aaa9f9c8e170c982c5b1731952519d67b7a21",
    "https://esm.sh/v135/@types/node@20.11.20/tls.d.ts": "c350c7e48f105b23d8dc6ef6caeb19f66b365edea74db8acd2f02e26ad5caee6",
    "https://esm.sh/v135/@vue/compiler-core@3.3.4/dist/compiler-core.d.ts": "98d0fd2ba32180989d07ae91722f6d346736439d1b3ea43a7ab8f9d76557f556",
    "https://esm.sh/v135/@vue/compiler-dom@3.3.4/dist/compiler-dom.d.ts": "c2f7900141c760694fb6e0a0d0eeae3167ff0847839a139557bd864f54beb25c",
    "https://esm.sh/v135/@vue/reactivity@3.3.4/dist/reactivity.d.ts": "56d758ded2b133e42165fef02341cd87b8d980a0882ea67379920ba26b8d0a5c",
    "https://esm.sh/v135/@vue/runtime-core@3.3.4/dist/runtime-core.d.ts": "d26f2ad1e760ae32d72fb1ad4d48b8c2501cf79be6c61ce1c6462b9eb65107f7",
    "https://esm.sh/v135/@vue/runtime-dom@3.3.4/dist/runtime-dom.d.ts": "244a397e5fd564c6adaea7e8a93019840956e75df63ce1dd273bfe657f017ae6",
    "https://esm.sh/v135/@vue/server-renderer@3.3.4/deno/server-renderer.mjs": "36fe0400e4f022367382644ececbbb30c5e661a3a16045bd0498f09c52a4c9bb",
    "https://esm.sh/v135/@vue/server-renderer@3.3.4/dist/server-renderer.d.ts": "f78b88c773a14e7e4645f5453540cdc0889c56bd22fbb1d41ef65b2613772a43",
    "https://esm.sh/v135/@vue/shared@3.3.4/dist/shared.d.ts": "b6f3519e165e9bfc36c6050f3dad09b4ff85d11802cc864615bee33b31522529",
    "https://esm.sh/v135/csstype@3.1.3/index.d.ts": "8a8eb4ebffd85e589a1cc7c178e291626c359543403d58c9cd22b81fab5b1fb9",
    "https://esm.sh/v135/node.ns.d.ts": "0fb081f0cd2150931bd54baa04f31466abd9ca701fd9060d07931402cf8367ba",
    "https://esm.sh/v135/source-map-js@1.2.1/source-map.d.ts": "402e5c534fb2b85fa771170595db3ac0dd532112c8fa44fc23f233bc6967488b",
    "https://esm.sh/v135/vue@3.3.4/dist/vue.d.mts": "0376a78218ccf4e1f80479b8cdb117ece1c21799a5e16681ade5c93691c062d4",
    "https://esm.sh/v135/vue@3.3.4/jsx.d.ts": "b54c5b0797fe3b39711813b03949f38e88ce53b5f9bb9a2c1ec069d929e3593a",
    "https://esm.sh/vue@3.3.4": "c517c417d735e7119f7a01c9c53a87fd375e835cd2a9db97560eda22517d5765"
  }
}